
Microsoft Visual Studio Solution File, Format Version 12.00
# Visual Studio Version 16
VisualStudioVersion = 16.0.30611.23
MinimumVisualStudioVersion = 10.0.40219.1
Project("{FAE04EC0-301F-11D3-BF4B-00C04F79EFBC}") = "lab8", "lab8\lab8.csproj", "{A01CAE52-31C2-401F-AFBB-433B3C34C3A4}"
EndProject
Global
	GlobalSection(SolutionConfigurationPlatforms) = preSolution
		Debug|Any CPU = Debug|Any CPU
		Release|Any CPU = Release|Any CPU
	EndGlobalSection
	GlobalSection(ProjectConfigurationPlatforms) = postSolution
		{A01CAE52-31C2-401F-AFBB-433B3C34C3A4}.Debug|Any CPU.ActiveCfg = Debug|Any CPU
		{A01CAE52-31C2-401F-AFBB-433B3C34C3A4}.Debug|Any CPU.Build.0 = Debug|Any CPU
		{A01CAE52-31C2-401F-AFBB-433B3C34C3A4}.Release|Any CPU.ActiveCfg = Release|Any CPU
		{A01CAE52-31C2-401F-AFBB-433B3C34C3A4}.Release|Any CPU.Build.0 = Release|Any CPU
	EndGlobalSection
	GlobalSection(SolutionProperties) = preSolution
		HideSolutionNode = FALSE
	EndGlobalSection
	GlobalSection(ExtensibilityGlobals) = postSolution
		SolutionGuid = {7CAF7584-99AE-4ECD-9321-0539A75A32BB}
	EndGlobalSection
EndGlobal
