
Microsoft Visual Studio Solution File, Format Version 12.00
# Visual Studio Version 16
VisualStudioVersion = 16.0.30611.23
MinimumVisualStudioVersion = 10.0.40219.1
Project("{FAE04EC0-301F-11D3-BF4B-00C04F79EFBC}") = "lab7", "lab7\lab7.csproj", "{7E693E84-1338-4771-9303-F30BA294A1F0}"
EndProject
Global
	GlobalSection(SolutionConfigurationPlatforms) = preSolution
		Debug|Any CPU = Debug|Any CPU
		Release|Any CPU = Release|Any CPU
	EndGlobalSection
	GlobalSection(ProjectConfigurationPlatforms) = postSolution
		{7E693E84-1338-4771-9303-F30BA294A1F0}.Debug|Any CPU.ActiveCfg = Debug|Any CPU
		{7E693E84-1338-4771-9303-F30BA294A1F0}.Debug|Any CPU.Build.0 = Debug|Any CPU
		{7E693E84-1338-4771-9303-F30BA294A1F0}.Release|Any CPU.ActiveCfg = Release|Any CPU
		{7E693E84-1338-4771-9303-F30BA294A1F0}.Release|Any CPU.Build.0 = Release|Any CPU
	EndGlobalSection
	GlobalSection(SolutionProperties) = preSolution
		HideSolutionNode = FALSE
	EndGlobalSection
	GlobalSection(ExtensibilityGlobals) = postSolution
		SolutionGuid = {F6F0059A-AADE-4256-A476-0E79FA7FD800}
	EndGlobalSection
EndGlobal
